
Microsoft Visual Studio Solution File, Format Version 12.00
# Visual Studio Version 17
VisualStudioVersion = 17.14.36301.6
MinimumVisualStudioVersion = 10.0.40219.1
Project("{2150E333-8FDC-42A3-9474-1A3956D46DE8}") = "方案項目", "方案項目", "{8DDC4786-5FC8-F15C-1CA5-9F41FD4BEB75}"
	ProjectSection(SolutionItems) = preProject
		ReadMe.txt = ReadMe.txt
	EndProjectSection
EndProject
Project("{FAE04EC0-301F-11D3-BF4B-00C04F79EFBC}") = "ConsoleApp01", "ConsoleApp01\ConsoleApp01.csproj", "{51128D6F-6188-43DC-A595-626BB204DF7E}"
EndProject
Project("{FAE04EC0-301F-11D3-BF4B-00C04F79EFBC}") = "ConsoleApp02", "ConsoleApp02\ConsoleApp02.csproj", "{2E39EA13-C47D-4D83-9AB1-3EA2525DCABF}"
EndProject
Global
	GlobalSection(SolutionConfigurationPlatforms) = preSolution
		Debug|Any CPU = Debug|Any CPU
		Release|Any CPU = Release|Any CPU
	EndGlobalSection
	GlobalSection(ProjectConfigurationPlatforms) = postSolution
		{51128D6F-6188-43DC-A595-626BB204DF7E}.Debug|Any CPU.ActiveCfg = Debug|Any CPU
		{51128D6F-6188-43DC-A595-626BB204DF7E}.Debug|Any CPU.Build.0 = Debug|Any CPU
		{51128D6F-6188-43DC-A595-626BB204DF7E}.Release|Any CPU.ActiveCfg = Release|Any CPU
		{51128D6F-6188-43DC-A595-626BB204DF7E}.Release|Any CPU.Build.0 = Release|Any CPU
		{2E39EA13-C47D-4D83-9AB1-3EA2525DCABF}.Debug|Any CPU.ActiveCfg = Debug|Any CPU
		{2E39EA13-C47D-4D83-9AB1-3EA2525DCABF}.Debug|Any CPU.Build.0 = Debug|Any CPU
		{2E39EA13-C47D-4D83-9AB1-3EA2525DCABF}.Release|Any CPU.ActiveCfg = Release|Any CPU
		{2E39EA13-C47D-4D83-9AB1-3EA2525DCABF}.Release|Any CPU.Build.0 = Release|Any CPU
	EndGlobalSection
	GlobalSection(SolutionProperties) = preSolution
		HideSolutionNode = FALSE
	EndGlobalSection
	GlobalSection(ExtensibilityGlobals) = postSolution
		SolutionGuid = {0D4288AA-F763-4F94-8406-B0F481FF2CF5}
	EndGlobalSection
EndGlobal
